# THIS IS AN AUTOGENERATED FILE. DO NOT EDIT THIS FILE DIRECTLY.
# yarn lockfile v1


"@interactjs/actions@1.4.4":
  version "1.4.4"
  resolved "https://registry.yarnpkg.com/@interactjs/actions/-/actions-1.4.4.tgz#fd029c66a5b82c0aa1ec95f48eab67d92bfb49f1"
  integrity sha512-vFvjaYrpxLWL5ObLr+vWqEilTie+fMl2LNzJtZBb4Ni9uJ1SG8Tyi3SbxN+HfMpXhWbVjvrfeBKFoHBJ0PNalg==

"@interactjs/auto-scroll@1.4.4":
  version "1.4.4"
  resolved "https://registry.yarnpkg.com/@interactjs/auto-scroll/-/auto-scroll-1.4.4.tgz#2996670efcb1769e60dfb449d8f2e017c7e2bf10"
  integrity sha512-uzDAemEAMDyM5Y0O3qItqjUpQIe0IO3CErpTrbMYLlZHT8ZulS5vjGmkfMlYhEpG2KbfK/jnzkZb6IJyCMQYPw==

"@interactjs/auto-start@1.4.4":
  version "1.4.4"
  resolved "https://registry.yarnpkg.com/@interactjs/auto-start/-/auto-start-1.4.4.tgz#cbf9f6665f6a0df4b7ff305ce0d2fcecd0f7f803"
  integrity sha512-YbhhjXdhpr0c8nuges7mXZeVbgyUAd25RvhZrirmKZF2nPjS2RMlx8UXGDSEZKJbqkschjHu6jvUVzft2FYdRA==

"@interactjs/core@1.4.4":
  version "1.4.4"
  resolved "https://registry.yarnpkg.com/@interactjs/core/-/core-1.4.4.tgz#0793d5d0206aca34410ae7125d7949ac277776a9"
  integrity sha512-UH5GAdmvONIJHqRR6fDL228+G/vIfyh7m7b0SOqbKgSfOm1clwkQ2ky+YxHaCpvrgnYVePljEwN3HMaWOnp9zg==

"@interactjs/dev-tools@1.4.4":
  version "1.4.4"
  resolved "https://registry.yarnpkg.com/@interactjs/dev-tools/-/dev-tools-1.4.4.tgz#3818d42048d7bf9a5a23c1be6087dd4eba76323e"
  integrity sha512-xAdMRbE/DYAxfOCRQmN/cNcaw0ECmN6Cr/7Lawx4riCopwNmuawR7Ymbo3IBoqEKJqF4xobovAmmeLmq/FnYNA==
  dependencies:
    "@interactjs/utils" "1.4.4"

"@interactjs/inertia@1.4.4":
  version "1.4.4"
  resolved "https://registry.yarnpkg.com/@interactjs/inertia/-/inertia-1.4.4.tgz#dd923c3181a340a05db983d8ced89e84207b0783"
  integrity sha512-0WODz2dnJQ3Ul/pusVkHwFUq7D6fmbAMccTbhmTprGPSP5ccHAiHsi3l9UmjqTwIRSiVgXjMKeCKnqxkUFf+/Q==

"@interactjs/interact@1.4.4":
  version "1.4.4"
  resolved "https://registry.yarnpkg.com/@interactjs/interact/-/interact-1.4.4.tgz#0121526a5478bdb6885e937c0d103717c62f37c0"
  integrity sha512-Cm7J0yraE0LgJOnrMeAxGPq2g9spfNP8GFzUSXcKsD/Vg4BCBdmRDeO7ypIEa1COS5VoUeRmmxu1/6DgDUfumA==

"@interactjs/modifiers@1.4.4":
  version "1.4.4"
  resolved "https://registry.yarnpkg.com/@interactjs/modifiers/-/modifiers-1.4.4.tgz#e49ebdfb6afac3ff5beda6a56070ef5f329f7cdb"
  integrity sha512-qTY6Z+4YGOXiv6sAB9/GbFfcMMLRe0DFj9Z3chrAoE+K02VrdKhlurihjogZTqd3jNX8XKgxG/vJwOZHlSz3KQ==

"@interactjs/pointer-events@1.4.4":
  version "1.4.4"
  resolved "https://registry.yarnpkg.com/@interactjs/pointer-events/-/pointer-events-1.4.4.tgz#42208feb9b344dd9ce10df180bd05ed2ad533992"
  integrity sha512-NE09fNUNgfXnEzlL5VUCib+pYuLZ80lrwCbmC/hxrPvUzhqDxUshlb2vi/IoLP8eblQvvrkmOYhQgPp+xUse+w==

"@interactjs/reflow@1.4.4":
  version "1.4.4"
  resolved "https://registry.yarnpkg.com/@interactjs/reflow/-/reflow-1.4.4.tgz#eba8908cabb8a725b99d727793f9923d544b2eb6"
  integrity sha512-R1D7GGLzqpit5jDVI3BoMTAHm/aK28K62AZ1TnfbQiqhkD3RKIFJEbZ2MEwJBLAxxfZmPMbgZX+wASHbZ1/d/A==

"@interactjs/types@1.4.4":
  version "1.4.4"
  resolved "https://registry.yarnpkg.com/@interactjs/types/-/types-1.4.4.tgz#aedf4bd197d128a8d058e65f754698ffc9efd3ef"
  integrity sha512-q6wv46UZFDeg2TJDjnDJKkLtM4yela2MSduOVsuGM6pxsv3X2vCwiCjWiRDaHS9QSmJ5LmDcwsipgEGJuf8ePw==
  dependencies:
    "@interactjs/actions" "1.4.4"
    "@interactjs/auto-scroll" "1.4.4"
    "@interactjs/auto-start" "1.4.4"
    "@interactjs/core" "1.4.4"
    "@interactjs/dev-tools" "1.4.4"
    "@interactjs/inertia" "1.4.4"
    "@interactjs/interact" "1.4.4"
    "@interactjs/modifiers" "1.4.4"
    "@interactjs/pointer-events" "1.4.4"
    "@interactjs/reflow" "1.4.4"
    "@interactjs/utils" "1.4.4"

"@interactjs/utils@1.4.4":
  version "1.4.4"
  resolved "https://registry.yarnpkg.com/@interactjs/utils/-/utils-1.4.4.tgz#c927779a42022b1f4ac473581f491ba3fa22135b"
  integrity sha512-s4pet+uz54Md9aRd2btPax9ICwMlSmLYhpWtYEd2v+g9WZozuRKg+R6FDC1uMkfcVclxKchVb5r7HV03GcmNnw==

classnames@^2.2.5:
  version "2.2.6"
  resolved "https://registry.yarnpkg.com/classnames/-/classnames-2.2.6.tgz#43935bffdd291f326dad0a205309b38d00f650ce"
  integrity sha512-JR/iSQOSt+LQIWwrwEzJ9uk0xfN3mTVYMwt1Ir5mUcSN6pU+V4zQFFaJsclJbPuAUQH+yfWef6tm7l1quW3C8Q==

interactjs@^1.4.2:
  version "1.4.4"
  resolved "https://registry.yarnpkg.com/interactjs/-/interactjs-1.4.4.tgz#8f07a07568f00719aa0e64bce3c1d31e14e42682"
  integrity sha512-xr+DLSqB7LDHgwvTyxINgPqfg2pCLTab2vHCbop/KiZkYslU+uEEdwSOcfqYskxeGyPzFWLEzPQXapAhW5x+og==
  dependencies:
    "@interactjs/types" "1.4.4"

"js-tokens@^3.0.0 || ^4.0.0":
  version "4.0.0"
  resolved "https://registry.yarnpkg.com/js-tokens/-/js-tokens-4.0.0.tgz#19203fb59991df98e3a287050d4647cdeaf32499"
  integrity sha512-RdJUflcE3cUzKiMqQgsCu06FPu9UdIJO0beYbPhHN4k6apgJtifcoCtT9bcxOpYBtpD2kCM6Sbzg4CausW/PKQ==

loose-envify@^1.1.0, loose-envify@^1.4.0:
  version "1.4.0"
  resolved "https://registry.yarnpkg.com/loose-envify/-/loose-envify-1.4.0.tgz#71ee51fa7be4caec1a63839f7e682d8132d30caf"
  integrity sha512-lyuxPGr/Wfhrlem2CL/UcnUc1zcqKAImBDzukY7Y5F/yQiNdko6+fRLevlw1HgMySw7f611UIY408EtxRSoK3Q==
  dependencies:
    js-tokens "^3.0.0 || ^4.0.0"

object-assign@^4.1.1:
  version "4.1.1"
  resolved "https://registry.yarnpkg.com/object-assign/-/object-assign-4.1.1.tgz#2109adc7965887cfc05cbbd442cac8bfbb360863"
  integrity sha1-IQmtx5ZYh8/AXLvUQsrIv7s2CGM=

prettier@^1.17.1:
  version "1.17.1"
  resolved "https://registry.yarnpkg.com/prettier/-/prettier-1.17.1.tgz#ed64b4e93e370cb8a25b9ef7fef3e4fd1c0995db"
  integrity sha512-TzGRNvuUSmPgwivDqkZ9tM/qTGW9hqDKWOE9YHiyQdixlKbv7kvEqsmDPrcHJTKwthU774TQwZXVtaQ/mMsvjg==

prop-types@15.x, prop-types@^15.6.0, prop-types@^15.6.2:
  version "15.7.2"
  resolved "https://registry.yarnpkg.com/prop-types/-/prop-types-15.7.2.tgz#52c41e75b8c87e72b9d9360e0206b99dcbffa6c5"
  integrity sha512-8QQikdH7//R2vurIJSutZ1smHYTcLpRWEOlHnzcWHmBYrOGUysKwSsrC89BCiFj3CbrfJ/nXFdJepOVrY1GCHQ==
  dependencies:
    loose-envify "^1.4.0"
    object-assign "^4.1.1"
    react-is "^16.8.1"

react-dom@^16.8.6:
  version "16.8.6"
  resolved "https://registry.yarnpkg.com/react-dom/-/react-dom-16.8.6.tgz#71d6303f631e8b0097f56165ef608f051ff6e10f"
  integrity sha512-1nL7PIq9LTL3fthPqwkvr2zY7phIPjYrT0jp4HjyEQrEROnw4dG41VVwi/wfoCneoleqrNX7iAD+pXebJZwrwA==
  dependencies:
    loose-envify "^1.1.0"
    object-assign "^4.1.1"
    prop-types "^15.6.2"
    scheduler "^0.13.6"

react-draggable@^3.0.3:
  version "3.3.0"
  resolved "https://registry.yarnpkg.com/react-draggable/-/react-draggable-3.3.0.tgz#2ed7ea3f92e7d742d747f9e6324860606cd4d997"
  integrity sha512-U7/jD0tAW4T0S7DCPK0kkKLyL0z61sC/eqU+NUfDjnq+JtBKaYKDHpsK2wazctiA4alEzCXUnzkREoxppOySVw==
  dependencies:
    classnames "^2.2.5"
    prop-types "^15.6.0"

react-is@^16.8.1:
  version "16.8.6"
  resolved "https://registry.yarnpkg.com/react-is/-/react-is-16.8.6.tgz#5bbc1e2d29141c9fbdfed456343fe2bc430a6a16"
  integrity sha512-aUk3bHfZ2bRSVFFbbeVS4i+lNPZr3/WM5jT2J5omUVV1zzcs1nAaf3l51ctA5FFvCRbhrH0bdAsRRQddFJZPtA==

react-resizable@^1.8.0:
  version "1.8.0"
  resolved "https://registry.yarnpkg.com/react-resizable/-/react-resizable-1.8.0.tgz#a6dd8c90826f1e54244141b770318e0320663a43"
  integrity sha512-lfYlCelPyUL8GLYd4SgFtZOrFY8XpxpDwXjgGHLiLM2aMv7mEkBT8Jn5MUV1TCinF5mIro4CMezfnniAZEkGvg==
  dependencies:
    prop-types "15.x"
    react-draggable "^3.0.3"

react@^16.8.6:
  version "16.8.6"
  resolved "https://registry.yarnpkg.com/react/-/react-16.8.6.tgz#ad6c3a9614fd3a4e9ef51117f54d888da01f2bbe"
  integrity sha512-pC0uMkhLaHm11ZSJULfOBqV4tIZkx87ZLvbbQYunNixAAvjnC+snJCg0XQXn9VIsttVsbZP/H/ewzgsd5fxKXw==
  dependencies:
    loose-envify "^1.1.0"
    object-assign "^4.1.1"
    prop-types "^15.6.2"
    scheduler "^0.13.6"

reactablejs@^0.1.3:
  version "0.1.3"
  resolved "https://registry.yarnpkg.com/reactablejs/-/reactablejs-0.1.3.tgz#f8020bc7929afc69ca5c7015d2162f17cfbcc355"
  integrity sha512-AYnEumdRf1ATWypCXe7Ov/EqQP9j4eloUWe3+yLwc9Nh0rlX8YLABGAO7Rre/MESmpDhup98WnbP8A/td7ZxpA==
  dependencies:
    interactjs "^1.4.2"
    utility-types "^3.7.0"

scheduler@^0.13.6:
  version "0.13.6"
  resolved "https://registry.yarnpkg.com/scheduler/-/scheduler-0.13.6.tgz#466a4ec332467b31a91b9bf74e5347072e4cd889"
  integrity sha512-IWnObHt413ucAYKsD9J1QShUKkbKLQQHdxRyw73sw4FN26iWr3DY/H34xGPe4nmL1DwXyWmSWmMrA9TfQbE/XQ==
  dependencies:
    loose-envify "^1.1.0"
    object-assign "^4.1.1"

utility-types@^3.7.0:
  version "3.7.0"
  resolved "https://registry.yarnpkg.com/utility-types/-/utility-types-3.7.0.tgz#51f1c29fa35d4267488345706efcf3f68f2b1933"
  integrity sha512-mqRJXN7dEArK/NZNJUubjr9kbFFVZcmF/JHDc9jt5O/aYXUVmopHYujDMhLmLil1Bxo2+khe6KAIVvDH9Yc4VA==
